
Microsoft Visual Studio Solution File, Format Version 12.00
# Visual Studio Version 16
VisualStudioVersion = 16.0.33529.622
MinimumVisualStudioVersion = 10.0.40219.1
Project("{FAE04EC0-301F-11D3-BF4B-00C04F79EFBC}") = "Cv_Project", "Cv_Project\Cv_Project.csproj", "{77FBE2E1-50C6-4AC2-A5AA-6396F56A7583}"
EndProject
Global
	GlobalSection(SolutionConfigurationPlatforms) = preSolution
		Debug|Any CPU = Debug|Any CPU
		Release|Any CPU = Release|Any CPU
	EndGlobalSection
	GlobalSection(ProjectConfigurationPlatforms) = postSolution
		{77FBE2E1-50C6-4AC2-A5AA-6396F56A7583}.Debug|Any CPU.ActiveCfg = Debug|Any CPU
		{77FBE2E1-50C6-4AC2-A5AA-6396F56A7583}.Debug|Any CPU.Build.0 = Debug|Any CPU
		{77FBE2E1-50C6-4AC2-A5AA-6396F56A7583}.Release|Any CPU.ActiveCfg = Release|Any CPU
		{77FBE2E1-50C6-4AC2-A5AA-6396F56A7583}.Release|Any CPU.Build.0 = Release|Any CPU
	EndGlobalSection
	GlobalSection(SolutionProperties) = preSolution
		HideSolutionNode = FALSE
	EndGlobalSection
	GlobalSection(ExtensibilityGlobals) = postSolution
		SolutionGuid = {F032CA28-CFAB-4167-9B7E-52C1833618BE}
	EndGlobalSection
EndGlobal
